
Microsoft Visual Studio Solution File, Format Version 12.00
# Visual Studio Version 17
VisualStudioVersion = 17.2.32505.173
MinimumVisualStudioVersion = 10.0.40219.1
Project("{FAE04EC0-301F-11D3-BF4B-00C04F79EFBC}") = "ThirdDotNet", "ThirdDotNet.csproj", "{FBFDA714-1DAA-4FB9-ADBF-D6F4F298AE3A}"
EndProject
Global
	GlobalSection(SolutionConfigurationPlatforms) = preSolution
		Debug|Any CPU = Debug|Any CPU
		Release|Any CPU = Release|Any CPU
	EndGlobalSection
	GlobalSection(ProjectConfigurationPlatforms) = postSolution
		{FBFDA714-1DAA-4FB9-ADBF-D6F4F298AE3A}.Debug|Any CPU.ActiveCfg = Debug|Any CPU
		{FBFDA714-1DAA-4FB9-ADBF-D6F4F298AE3A}.Debug|Any CPU.Build.0 = Debug|Any CPU
		{FBFDA714-1DAA-4FB9-ADBF-D6F4F298AE3A}.Release|Any CPU.ActiveCfg = Release|Any CPU
		{FBFDA714-1DAA-4FB9-ADBF-D6F4F298AE3A}.Release|Any CPU.Build.0 = Release|Any CPU
	EndGlobalSection
	GlobalSection(SolutionProperties) = preSolution
		HideSolutionNode = FALSE
	EndGlobalSection
	GlobalSection(ExtensibilityGlobals) = postSolution
		SolutionGuid = {1DD00610-6453-49B7-9763-A98AFF0587F5}
	EndGlobalSection
EndGlobal
